# THIS IS AN AUTOGENERATED FILE. DO NOT EDIT THIS FILE DIRECTLY.
# yarn lockfile v1


leven@^3.1.0:
  version "3.1.0"
  resolved "https://registry.yarnpkg.com/leven/-/leven-3.1.0.tgz#77891de834064cccba82ae7842bb6b14a13ed7f2"
  integrity sha512-qsda+H8jTaUaN/x5vzW2rzc+8Rw4TAQ/4KjB46IwK5VH+IlVeeeje/EoZRpiXvIqjFgK84QffqPztGI3VBLG1A==

lodash.pick@^4.4.0:
  version "4.4.0"
  resolved "https://registry.yarnpkg.com/lodash.pick/-/lodash.pick-4.4.0.tgz#52f05610fff9ded422611441ed1fc123a03001b3"
  integrity sha1-UvBWEP/53tQiYRRB7R/BI6AwAbM=

vue-thailand-address@^3.3.0:
  version "3.3.0"
  resolved "https://registry.yarnpkg.com/vue-thailand-address/-/vue-thailand-address-3.3.0.tgz#1045b38f6abef2e3497a5cb2b747b2a674ef4c1b"
  integrity sha512-ju4Z9iZa1rZ3+o6qQbh56E50z9yQNLAnaloq4FuYkq/lI0wWpOE27NBTe/nOPCmiDt3dNrsyYPqqyJ3eEXLuFw==
  dependencies:
    leven "^3.1.0"
    lodash.pick "^4.4.0"
